
Microsoft Visual Studio Solution File, Format Version 12.00
# Visual Studio Version 16
VisualStudioVersion = 16.0.30406.217
MinimumVisualStudioVersion = 10.0.40219.1
Project("{FAE04EC0-301F-11D3-BF4B-00C04F79EFBC}") = "cicddemowithsonarcloud", "cicddemowithsonarcloud\cicddemowithsonarcloud.csproj", "{878CFD6D-9A8B-4300-A9B0-982D0C43C43A}"
EndProject
Global
	GlobalSection(SolutionConfigurationPlatforms) = preSolution
		Debug|Any CPU = Debug|Any CPU
		Release|Any CPU = Release|Any CPU
	EndGlobalSection
	GlobalSection(ProjectConfigurationPlatforms) = postSolution
		{878CFD6D-9A8B-4300-A9B0-982D0C43C43A}.Debug|Any CPU.ActiveCfg = Debug|Any CPU
		{878CFD6D-9A8B-4300-A9B0-982D0C43C43A}.Debug|Any CPU.Build.0 = Debug|Any CPU
		{878CFD6D-9A8B-4300-A9B0-982D0C43C43A}.Release|Any CPU.ActiveCfg = Release|Any CPU
		{878CFD6D-9A8B-4300-A9B0-982D0C43C43A}.Release|Any CPU.Build.0 = Release|Any CPU
	EndGlobalSection
	GlobalSection(SolutionProperties) = preSolution
		HideSolutionNode = FALSE
	EndGlobalSection
	GlobalSection(ExtensibilityGlobals) = postSolution
		SolutionGuid = {CDE93B29-7403-4103-BC07-D5356367BEDE}
	EndGlobalSection
EndGlobal
